
Microsoft Visual Studio Solution File, Format Version 12.00
# Visual Studio 15
VisualStudioVersion = 15.0.26124.0
MinimumVisualStudioVersion = 15.0.26124.0
Project("{2150E333-8FDC-42A3-9474-1A3956D46DE8}") = "src", "src", "{C6C96D45-25B6-4742-8896-A7240BC23E35}"
EndProject
Project("{FAE04EC0-301F-11D3-BF4B-00C04F79EFBC}") = "GradeBook", "src\GradeBook\GradeBook.csproj", "{0CB8F7F3-433D-49A4-9718-DF2AA6B932F9}"
EndProject
Project("{2150E333-8FDC-42A3-9474-1A3956D46DE8}") = "test", "test", "{C7372A7B-79CF-4BFE-AA54-98BD7DEB3DE6}"
EndProject
Project("{FAE04EC0-301F-11D3-BF4B-00C04F79EFBC}") = "GradeBook.Tests", "test\GradeBook.Tests\GradeBook.Tests.csproj", "{96296C5F-CF6D-4D0B-90F3-EBE043095161}"
EndProject
Global
	GlobalSection(SolutionConfigurationPlatforms) = preSolution
		Debug|Any CPU = Debug|Any CPU
		Debug|x64 = Debug|x64
		Debug|x86 = Debug|x86
		Release|Any CPU = Release|Any CPU
		Release|x64 = Release|x64
		Release|x86 = Release|x86
	EndGlobalSection
	GlobalSection(SolutionProperties) = preSolution
		HideSolutionNode = FALSE
	EndGlobalSection
	GlobalSection(ProjectConfigurationPlatforms) = postSolution
		{0CB8F7F3-433D-49A4-9718-DF2AA6B932F9}.Debug|Any CPU.ActiveCfg = Debug|Any CPU
		{0CB8F7F3-433D-49A4-9718-DF2AA6B932F9}.Debug|Any CPU.Build.0 = Debug|Any CPU
		{0CB8F7F3-433D-49A4-9718-DF2AA6B932F9}.Debug|x64.ActiveCfg = Debug|Any CPU
		{0CB8F7F3-433D-49A4-9718-DF2AA6B932F9}.Debug|x64.Build.0 = Debug|Any CPU
		{0CB8F7F3-433D-49A4-9718-DF2AA6B932F9}.Debug|x86.ActiveCfg = Debug|Any CPU
		{0CB8F7F3-433D-49A4-9718-DF2AA6B932F9}.Debug|x86.Build.0 = Debug|Any CPU
		{0CB8F7F3-433D-49A4-9718-DF2AA6B932F9}.Release|Any CPU.ActiveCfg = Release|Any CPU
		{0CB8F7F3-433D-49A4-9718-DF2AA6B932F9}.Release|Any CPU.Build.0 = Release|Any CPU
		{0CB8F7F3-433D-49A4-9718-DF2AA6B932F9}.Release|x64.ActiveCfg = Release|Any CPU
		{0CB8F7F3-433D-49A4-9718-DF2AA6B932F9}.Release|x64.Build.0 = Release|Any CPU
		{0CB8F7F3-433D-49A4-9718-DF2AA6B932F9}.Release|x86.ActiveCfg = Release|Any CPU
		{0CB8F7F3-433D-49A4-9718-DF2AA6B932F9}.Release|x86.Build.0 = Release|Any CPU
		{96296C5F-CF6D-4D0B-90F3-EBE043095161}.Debug|Any CPU.ActiveCfg = Debug|Any CPU
		{96296C5F-CF6D-4D0B-90F3-EBE043095161}.Debug|Any CPU.Build.0 = Debug|Any CPU
		{96296C5F-CF6D-4D0B-90F3-EBE043095161}.Debug|x64.ActiveCfg = Debug|Any CPU
		{96296C5F-CF6D-4D0B-90F3-EBE043095161}.Debug|x64.Build.0 = Debug|Any CPU
		{96296C5F-CF6D-4D0B-90F3-EBE043095161}.Debug|x86.ActiveCfg = Debug|Any CPU
		{96296C5F-CF6D-4D0B-90F3-EBE043095161}.Debug|x86.Build.0 = Debug|Any CPU
		{96296C5F-CF6D-4D0B-90F3-EBE043095161}.Release|Any CPU.ActiveCfg = Release|Any CPU
		{96296C5F-CF6D-4D0B-90F3-EBE043095161}.Release|Any CPU.Build.0 = Release|Any CPU
		{96296C5F-CF6D-4D0B-90F3-EBE043095161}.Release|x64.ActiveCfg = Release|Any CPU
		{96296C5F-CF6D-4D0B-90F3-EBE043095161}.Release|x64.Build.0 = Release|Any CPU
		{96296C5F-CF6D-4D0B-90F3-EBE043095161}.Release|x86.ActiveCfg = Release|Any CPU
		{96296C5F-CF6D-4D0B-90F3-EBE043095161}.Release|x86.Build.0 = Release|Any CPU
	EndGlobalSection
	GlobalSection(NestedProjects) = preSolution
		{0CB8F7F3-433D-49A4-9718-DF2AA6B932F9} = {C6C96D45-25B6-4742-8896-A7240BC23E35}
		{96296C5F-CF6D-4D0B-90F3-EBE043095161} = {C7372A7B-79CF-4BFE-AA54-98BD7DEB3DE6}
	EndGlobalSection
EndGlobal
